
Microsoft Visual Studio Solution File, Format Version 12.00
# Visual Studio Version 16
VisualStudioVersion = 16.0.31025.194
MinimumVisualStudioVersion = 10.0.40219.1
Project("{FAE04EC0-301F-11D3-BF4B-00C04F79EFBC}") = "gps_device", "gps_device\gps_device.csproj", "{959CF987-D3CF-42A7-9A99-EF749094FC2F}"
EndProject
Global
	GlobalSection(SolutionConfigurationPlatforms) = preSolution
		Debug|Any CPU = Debug|Any CPU
		Release|Any CPU = Release|Any CPU
	EndGlobalSection
	GlobalSection(ProjectConfigurationPlatforms) = postSolution
		{959CF987-D3CF-42A7-9A99-EF749094FC2F}.Debug|Any CPU.ActiveCfg = Debug|Any CPU
		{959CF987-D3CF-42A7-9A99-EF749094FC2F}.Debug|Any CPU.Build.0 = Debug|Any CPU
		{959CF987-D3CF-42A7-9A99-EF749094FC2F}.Release|Any CPU.ActiveCfg = Release|Any CPU
		{959CF987-D3CF-42A7-9A99-EF749094FC2F}.Release|Any CPU.Build.0 = Release|Any CPU
	EndGlobalSection
	GlobalSection(SolutionProperties) = preSolution
		HideSolutionNode = FALSE
	EndGlobalSection
	GlobalSection(ExtensibilityGlobals) = postSolution
		SolutionGuid = {BC1FB60A-912C-4386-8B07-C7F490B1D659}
	EndGlobalSection
EndGlobal
