
Microsoft Visual Studio Solution File, Format Version 12.00
# Visual Studio Version 16
VisualStudioVersion = 16.0.31025.194
MinimumVisualStudioVersion = 10.0.40219.1
Project("{FAE04EC0-301F-11D3-BF4B-00C04F79EFBC}") = "komuta_kontrol_sistemi", "komuta_kontrol_sistemi\komuta_kontrol_sistemi.csproj", "{3D062AD9-3A18-46D9-8F09-B17A514C36AC}"
EndProject
Global
	GlobalSection(SolutionConfigurationPlatforms) = preSolution
		Debug|Any CPU = Debug|Any CPU
		Release|Any CPU = Release|Any CPU
	EndGlobalSection
	GlobalSection(ProjectConfigurationPlatforms) = postSolution
		{3D062AD9-3A18-46D9-8F09-B17A514C36AC}.Debug|Any CPU.ActiveCfg = Debug|Any CPU
		{3D062AD9-3A18-46D9-8F09-B17A514C36AC}.Debug|Any CPU.Build.0 = Debug|Any CPU
		{3D062AD9-3A18-46D9-8F09-B17A514C36AC}.Release|Any CPU.ActiveCfg = Release|Any CPU
		{3D062AD9-3A18-46D9-8F09-B17A514C36AC}.Release|Any CPU.Build.0 = Release|Any CPU
	EndGlobalSection
	GlobalSection(SolutionProperties) = preSolution
		HideSolutionNode = FALSE
	EndGlobalSection
	GlobalSection(ExtensibilityGlobals) = postSolution
		SolutionGuid = {1E4422BC-1236-488C-B778-2C9EF243BF33}
	EndGlobalSection
EndGlobal
